// !$*UTF8*$!
{
	archiveVersion = 1;
	classes = {
	};
	objectVersion = 46;
	objects = {

/* Begin PBXBuildFile section */
		7C7FE12A1904455A00801884 /* AABBNode.cpp in Sources */ = {isa = PBXBuildFile; fileRef = 7C7FE1281904455A00801884 /* AABBNode.cpp */; };
		7C7FE12D1904610200801884 /* BoxTreeObject.cpp in Sources */ = {isa = PBXBuildFile; fileRef = 7C7FE12B1904610200801884 /* BoxTreeObject.cpp */; };
		7CDC4F9E18F711B10087644D /* cse168project1.1 in CopyFiles */ = {isa = PBXBuildFile; fileRef = 7CDC4F9D18F711B10087644D /* cse168project1.1 */; };
		7CDC4FAA18F712510087644D /* Vector3.cpp in Sources */ = {isa = PBXBuildFile; fileRef = 7CDC4FA418F712510087644D /* Vector3.cpp */; };
		7CDC4FAB18F712510087644D /* MeshObject.cpp in Sources */ = {isa = PBXBuildFile; fileRef = 7CDC4FA518F712510087644D /* MeshObject.cpp */; };
		7CDC4FAC18F712510087644D /* Matrix34.cpp in Sources */ = {isa = PBXBuildFile; fileRef = 7CDC4FA618F712510087644D /* Matrix34.cpp */; };
		7CDC4FAD18F712510087644D /* Main.cpp in Sources */ = {isa = PBXBuildFile; fileRef = 7CDC4FA718F712510087644D /* Main.cpp */; };
		7CDC4FAE18F712510087644D /* Color.cpp in Sources */ = {isa = PBXBuildFile; fileRef = 7CDC4FA818F712510087644D /* Color.cpp */; };
		7CDC4FAF18F712510087644D /* Bitmap.cpp in Sources */ = {isa = PBXBuildFile; fileRef = 7CDC4FA918F712510087644D /* Bitmap.cpp */; };
		7CDC4FD618F714B10087644D /* InstanceObject.cpp in Sources */ = {isa = PBXBuildFile; fileRef = 7CDC4FD518F714B10087644D /* InstanceObject.cpp */; };
		7CDC4FD818F719E00087644D /* DirectLight.cpp in Sources */ = {isa = PBXBuildFile; fileRef = 7CDC4FD718F719E00087644D /* DirectLight.cpp */; };
		7CDC4FDA18F71B000087644D /* PointLight.cpp in Sources */ = {isa = PBXBuildFile; fileRef = 7CDC4FD918F71B000087644D /* PointLight.cpp */; };
		7CDC4FDC18F71DA90087644D /* Camera.cpp in Sources */ = {isa = PBXBuildFile; fileRef = 7CDC4FDB18F71DA90087644D /* Camera.cpp */; };
		7CDC4FDF18F72C430087644D /* Triangle.cpp in Sources */ = {isa = PBXBuildFile; fileRef = 7CDC4FDE18F72C430087644D /* Triangle.cpp */; };
/* End PBXBuildFile section */

/* Begin PBXCopyFilesBuildPhase section */
		7CDC4F9618F711B10087644D /* CopyFiles */ = {
			isa = PBXCopyFilesBuildPhase;
			buildActionMask = 2147483647;
			dstPath = /usr/share/man/man1/;
			dstSubfolderSpec = 0;
			files = (
				7CDC4F9E18F711B10087644D /* cse168project1.1 in CopyFiles */,
			);
			runOnlyForDeploymentPostprocessing = 1;
		};
/* End PBXCopyFilesBuildPhase section */

/* Begin PBXFileReference section */
		7C7FE1281904455A00801884 /* AABBNode.cpp */ = {isa = PBXFileReference; fileEncoding = 4; lastKnownFileType = sourcecode.cpp.cpp; path = AABBNode.cpp; sourceTree = "<group>"; };
		7C7FE1291904455A00801884 /* AABBNode.h */ = {isa = PBXFileReference; fileEncoding = 4; lastKnownFileType = sourcecode.c.h; path = AABBNode.h; sourceTree = "<group>"; };
		7C7FE12B1904610200801884 /* BoxTreeObject.cpp */ = {isa = PBXFileReference; fileEncoding = 4; lastKnownFileType = sourcecode.cpp.cpp; path = BoxTreeObject.cpp; sourceTree = "<group>"; };
		7C7FE12C1904610200801884 /* BoxTreeObject.h */ = {isa = PBXFileReference; fileEncoding = 4; lastKnownFileType = sourcecode.c.h; path = BoxTreeObject.h; sourceTree = "<group>"; };
		7CDC4F9818F711B10087644D /* cse168project1 */ = {isa = PBXFileReference; explicitFileType = "compiled.mach-o.executable"; includeInIndex = 0; path = cse168project1; sourceTree = BUILT_PRODUCTS_DIR; };
		7CDC4F9D18F711B10087644D /* cse168project1.1 */ = {isa = PBXFileReference; lastKnownFileType = text.man; path = cse168project1.1; sourceTree = "<group>"; };
		7CDC4FA418F712510087644D /* Vector3.cpp */ = {isa = PBXFileReference; lastKnownFileType = sourcecode.cpp.cpp; path = Vector3.cpp; sourceTree = "<group>"; };
		7CDC4FA518F712510087644D /* MeshObject.cpp */ = {isa = PBXFileReference; lastKnownFileType = sourcecode.cpp.cpp; path = MeshObject.cpp; sourceTree = "<group>"; };
		7CDC4FA618F712510087644D /* Matrix34.cpp */ = {isa = PBXFileReference; lastKnownFileType = sourcecode.cpp.cpp; path = Matrix34.cpp; sourceTree = "<group>"; };
		7CDC4FA718F712510087644D /* Main.cpp */ = {isa = PBXFileReference; lastKnownFileType = sourcecode.cpp.cpp; path = Main.cpp; sourceTree = "<group>"; };
		7CDC4FA818F712510087644D /* Color.cpp */ = {isa = PBXFileReference; lastKnownFileType = sourcecode.cpp.cpp; path = Color.cpp; sourceTree = "<group>"; };
		7CDC4FA918F712510087644D /* Bitmap.cpp */ = {isa = PBXFileReference; lastKnownFileType = sourcecode.cpp.cpp; path = Bitmap.cpp; sourceTree = "<group>"; };
		7CDC4FB018F712990087644D /* Vertex.h */ = {isa = PBXFileReference; lastKnownFileType = sourcecode.c.h; path = Vertex.h; sourceTree = "<group>"; };
		7CDC4FB118F712990087644D /* Vector3.h */ = {isa = PBXFileReference; lastKnownFileType = sourcecode.c.h; path = Vector3.h; sourceTree = "<group>"; };
		7CDC4FB218F712990087644D /* Triangle.h */ = {isa = PBXFileReference; lastKnownFileType = sourcecode.c.h; path = Triangle.h; sourceTree = "<group>"; };
		7CDC4FB318F712990087644D /* Scene.h */ = {isa = PBXFileReference; lastKnownFileType = sourcecode.c.h; path = Scene.h; sourceTree = "<group>"; };
		7CDC4FB418F712990087644D /* Ray.h */ = {isa = PBXFileReference; lastKnownFileType = sourcecode.c.h; path = Ray.h; sourceTree = "<group>"; };
		7CDC4FB518F712990087644D /* Object.h */ = {isa = PBXFileReference; lastKnownFileType = sourcecode.c.h; path = Object.h; sourceTree = "<group>"; };
		7CDC4FB618F712990087644D /* MeshObject.h */ = {isa = PBXFileReference; lastKnownFileType = sourcecode.c.h; path = MeshObject.h; sourceTree = "<group>"; };
		7CDC4FB718F712990087644D /* Matrix34.h */ = {isa = PBXFileReference; lastKnownFileType = sourcecode.c.h; path = Matrix34.h; sourceTree = "<group>"; };
		7CDC4FB818F712990087644D /* Material.h */ = {isa = PBXFileReference; lastKnownFileType = sourcecode.c.h; path = Material.h; sourceTree = "<group>"; };
		7CDC4FB918F712990087644D /* Light.h */ = {isa = PBXFileReference; lastKnownFileType = sourcecode.c.h; path = Light.h; sourceTree = "<group>"; };
		7CDC4FBA18F712990087644D /* LambertMaterial.h */ = {isa = PBXFileReference; lastKnownFileType = sourcecode.c.h; path = LambertMaterial.h; sourceTree = "<group>"; };
		7CDC4FBB18F712990087644D /* Intersection.h */ = {isa = PBXFileReference; lastKnownFileType = sourcecode.c.h; path = Intersection.h; sourceTree = "<group>"; };
		7CDC4FBC18F712990087644D /* Core.h */ = {isa = PBXFileReference; lastKnownFileType = sourcecode.c.h; path = Core.h; sourceTree = "<group>"; };
		7CDC4FBD18F712990087644D /* Color.h */ = {isa = PBXFileReference; lastKnownFileType = sourcecode.c.h; path = Color.h; sourceTree = "<group>"; };
		7CDC4FBE18F712990087644D /* Bitmap.h */ = {isa = PBXFileReference; lastKnownFileType = sourcecode.c.h; path = Bitmap.h; sourceTree = "<group>"; };
		7CDC4FCE18F7132C0087644D /* InstanceObject.h */ = {isa = PBXFileReference; lastKnownFileType = sourcecode.c.h; path = InstanceObject.h; sourceTree = "<group>"; };
		7CDC4FD018F713C20087644D /* Camera.h */ = {isa = PBXFileReference; lastKnownFileType = sourcecode.c.h; path = Camera.h; sourceTree = "<group>"; };
		7CDC4FD118F714010087644D /* PointLight.h */ = {isa = PBXFileReference; lastKnownFileType = sourcecode.c.h; path = PointLight.h; sourceTree = "<group>"; };
		7CDC4FD218F7141B0087644D /* DirectLight.h */ = {isa = PBXFileReference; lastKnownFileType = sourcecode.c.h; path = DirectLight.h; sourceTree = "<group>"; };
		7CDC4FD518F714B10087644D /* InstanceObject.cpp */ = {isa = PBXFileReference; fileEncoding = 4; lastKnownFileType = sourcecode.cpp.cpp; path = InstanceObject.cpp; sourceTree = "<group>"; };
		7CDC4FD718F719E00087644D /* DirectLight.cpp */ = {isa = PBXFileReference; fileEncoding = 4; lastKnownFileType = sourcecode.cpp.cpp; path = DirectLight.cpp; sourceTree = "<group>"; };
		7CDC4FD918F71B000087644D /* PointLight.cpp */ = {isa = PBXFileReference; fileEncoding = 4; lastKnownFileType = sourcecode.cpp.cpp; path = PointLight.cpp; sourceTree = "<group>"; };
		7CDC4FDB18F71DA90087644D /* Camera.cpp */ = {isa = PBXFileReference; fileEncoding = 4; lastKnownFileType = sourcecode.cpp.cpp; path = Camera.cpp; sourceTree = "<group>"; };
		7CDC4FDE18F72C430087644D /* Triangle.cpp */ = {isa = PBXFileReference; fileEncoding = 4; lastKnownFileType = sourcecode.cpp.cpp; path = Triangle.cpp; sourceTree = "<group>"; };
		7CDE3F1B191957E900366463 /* AshikhminMaterial.h */ = {isa = PBXFileReference; fileEncoding = 4; lastKnownFileType = sourcecode.c.h; path = AshikhminMaterial.h; sourceTree = "<group>"; };
/* End PBXFileReference section */

/* Begin PBXFrameworksBuildPhase section */
		7CDC4F9518F711B10087644D /* Frameworks */ = {
			isa = PBXFrameworksBuildPhase;
			buildActionMask = 2147483647;
			files = (
			);
			runOnlyForDeploymentPostprocessing = 0;
		};
/* End PBXFrameworksBuildPhase section */

/* Begin PBXGroup section */
		7CDC4F8F18F711B10087644D = {
			isa = PBXGroup;
			children = (
				7CDC4F9A18F711B10087644D /* cse168project1 */,
				7CDC4F9918F711B10087644D /* Products */,
			);
			sourceTree = "<group>";
		};
		7CDC4F9918F711B10087644D /* Products */ = {
			isa = PBXGroup;
			children = (
				7CDC4F9818F711B10087644D /* cse168project1 */,
			);
			name = Products;
			sourceTree = "<group>";
		};
		7CDC4F9A18F711B10087644D /* cse168project1 */ = {
			isa = PBXGroup;
			children = (
				7CDC4FCF18F713980087644D /* headers */,
				7CDC4FD418F714570087644D /* src */,
				7CDC4FA718F712510087644D /* Main.cpp */,
				7CDC4F9D18F711B10087644D /* cse168project1.1 */,
			);
			path = cse168project1;
			sourceTree = "<group>";
		};
		7CDC4FCF18F713980087644D /* headers */ = {
			isa = PBXGroup;
			children = (
				7C7FE12C1904610200801884 /* BoxTreeObject.h */,
				7CDC4FCE18F7132C0087644D /* InstanceObject.h */,
				7CDC4FB018F712990087644D /* Vertex.h */,
				7CDC4FB118F712990087644D /* Vector3.h */,
				7CDC4FB218F712990087644D /* Triangle.h */,
				7CDC4FB318F712990087644D /* Scene.h */,
				7CDC4FB418F712990087644D /* Ray.h */,
				7CDC4FB518F712990087644D /* Object.h */,
				7CDC4FB618F712990087644D /* MeshObject.h */,
				7CDC4FB718F712990087644D /* Matrix34.h */,
				7CDC4FB818F712990087644D /* Material.h */,
				7CDC4FB918F712990087644D /* Light.h */,
				7CDC4FBA18F712990087644D /* LambertMaterial.h */,
				7CDC4FBB18F712990087644D /* Intersection.h */,
				7CDC4FBC18F712990087644D /* Core.h */,
				7CDC4FBD18F712990087644D /* Color.h */,
				7CDC4FBE18F712990087644D /* Bitmap.h */,
				7CDC4FD018F713C20087644D /* Camera.h */,
				7CDC4FD118F714010087644D /* PointLight.h */,
				7CDC4FD218F7141B0087644D /* DirectLight.h */,
				7C7FE1291904455A00801884 /* AABBNode.h */,
				7CDE3F1B191957E900366463 /* AshikhminMaterial.h */,
			);
			name = headers;
			sourceTree = "<group>";
		};
		7CDC4FD418F714570087644D /* src */ = {
			isa = PBXGroup;
			children = (
				7C7FE1281904455A00801884 /* AABBNode.cpp */,
				7CDC4FA418F712510087644D /* Vector3.cpp */,
				7CDC4FA518F712510087644D /* MeshObject.cpp */,
				7CDC4FA618F712510087644D /* Matrix34.cpp */,
				7CDC4FA818F712510087644D /* Color.cpp */,
				7CDC4FA918F712510087644D /* Bitmap.cpp */,
				7CDC4FD518F714B10087644D /* InstanceObject.cpp */,
				7CDC4FD718F719E00087644D /* DirectLight.cpp */,
				7CDC4FD918F71B000087644D /* PointLight.cpp */,
				7CDC4FDB18F71DA90087644D /* Camera.cpp */,
				7CDC4FDE18F72C430087644D /* Triangle.cpp */,
				7C7FE12B1904610200801884 /* BoxTreeObject.cpp */,
			);
			name = src;
			sourceTree = "<group>";
		};
/* End PBXGroup section */

/* Begin PBXNativeTarget section */
		7CDC4F9718F711B10087644D /* cse168project1 */ = {
			isa = PBXNativeTarget;
			buildConfigurationList = 7CDC4FA118F711B10087644D /* Build configuration list for PBXNativeTarget "cse168project1" */;
			buildPhases = (
				7CDC4F9418F711B10087644D /* Sources */,
				7CDC4F9518F711B10087644D /* Frameworks */,
				7CDC4F9618F711B10087644D /* CopyFiles */,
			);
			buildRules = (
			);
			dependencies = (
			);
			name = cse168project1;
			productName = cse168project1;
			productReference = 7CDC4F9818F711B10087644D /* cse168project1 */;
			productType = "com.apple.product-type.tool";
		};
/* End PBXNativeTarget section */

/* Begin PBXProject section */
		7CDC4F9018F711B10087644D /* Project object */ = {
			isa = PBXProject;
			attributes = {
				LastUpgradeCheck = 0510;
				ORGANIZATIONNAME = com;
			};
			buildConfigurationList = 7CDC4F9318F711B10087644D /* Build configuration list for PBXProject "cse168project1" */;
			compatibilityVersion = "Xcode 3.2";
			developmentRegion = English;
			hasScannedForEncodings = 0;
			knownRegions = (
				en,
			);
			mainGroup = 7CDC4F8F18F711B10087644D;
			productRefGroup = 7CDC4F9918F711B10087644D /* Products */;
			projectDirPath = "";
			projectRoot = "";
			targets = (
				7CDC4F9718F711B10087644D /* cse168project1 */,
			);
		};
/* End PBXProject section */

/* Begin PBXSourcesBuildPhase section */
		7CDC4F9418F711B10087644D /* Sources */ = {
			isa = PBXSourcesBuildPhase;
			buildActionMask = 2147483647;
			files = (
				7CDC4FDC18F71DA90087644D /* Camera.cpp in Sources */,
				7CDC4FD818F719E00087644D /* DirectLight.cpp in Sources */,
				7C7FE12D1904610200801884 /* BoxTreeObject.cpp in Sources */,
				7CDC4FDA18F71B000087644D /* PointLight.cpp in Sources */,
				7CDC4FD618F714B10087644D /* InstanceObject.cpp in Sources */,
				7CDC4FAA18F712510087644D /* Vector3.cpp in Sources */,
				7C7FE12A1904455A00801884 /* AABBNode.cpp in Sources */,
				7CDC4FDF18F72C430087644D /* Triangle.cpp in Sources */,
				7CDC4FAB18F712510087644D /* MeshObject.cpp in Sources */,
				7CDC4FAC18F712510087644D /* Matrix34.cpp in Sources */,
				7CDC4FAD18F712510087644D /* Main.cpp in Sources */,
				7CDC4FAE18F712510087644D /* Color.cpp in Sources */,
				7CDC4FAF18F712510087644D /* Bitmap.cpp in Sources */,
			);
			runOnlyForDeploymentPostprocessing = 0;
		};
/* End PBXSourcesBuildPhase section */

/* Begin XCBuildConfiguration section */
		7CDC4F9F18F711B10087644D /* Debug */ = {
			isa = XCBuildConfiguration;
			buildSettings = {
				ALWAYS_SEARCH_USER_PATHS = NO;
				CLANG_CXX_LANGUAGE_STANDARD = "gnu++0x";
				CLANG_CXX_LIBRARY = "libc++";
				CLANG_ENABLE_MODULES = YES;
				CLANG_ENABLE_OBJC_ARC = YES;
				CLANG_WARN_BOOL_CONVERSION = YES;
				CLANG_WARN_CONSTANT_CONVERSION = YES;
				CLANG_WARN_DIRECT_OBJC_ISA_USAGE = YES_ERROR;
				CLANG_WARN_EMPTY_BODY = YES;
				CLANG_WARN_ENUM_CONVERSION = YES;
				CLANG_WARN_INT_CONVERSION = YES;
				CLANG_WARN_OBJC_ROOT_CLASS = YES_ERROR;
				CLANG_WARN__DUPLICATE_METHOD_MATCH = YES;
				COPY_PHASE_STRIP = NO;
				GCC_C_LANGUAGE_STANDARD = gnu99;
				GCC_DYNAMIC_NO_PIC = NO;
				GCC_ENABLE_OBJC_EXCEPTIONS = YES;
				GCC_OPTIMIZATION_LEVEL = 0;
				GCC_PREPROCESSOR_DEFINITIONS = (
					"DEBUG=1",
					"$(inherited)",
				);
				GCC_SYMBOLS_PRIVATE_EXTERN = NO;
				GCC_WARN_64_TO_32_BIT_CONVERSION = YES;
				GCC_WARN_ABOUT_RETURN_TYPE = YES_ERROR;
				GCC_WARN_UNDECLARED_SELECTOR = YES;
				GCC_WARN_UNINITIALIZED_AUTOS = YES_AGGRESSIVE;
				GCC_WARN_UNUSED_FUNCTION = YES;
				GCC_WARN_UNUSED_VARIABLE = YES;
				MACOSX_DEPLOYMENT_TARGET = 10.9;
				ONLY_ACTIVE_ARCH = YES;
				SDKROOT = macosx;
			};
			name = Debug;
		};
		7CDC4FA018F711B10087644D /* Release */ = {
			isa = XCBuildConfiguration;
			buildSettings = {
				ALWAYS_SEARCH_USER_PATHS = NO;
				CLANG_CXX_LANGUAGE_STANDARD = "gnu++0x";
				CLANG_CXX_LIBRARY = "libc++";
				CLANG_ENABLE_MODULES = YES;
				CLANG_ENABLE_OBJC_ARC = YES;
				CLANG_WARN_BOOL_CONVERSION = YES;
				CLANG_WARN_CONSTANT_CONVERSION = YES;
				CLANG_WARN_DIRECT_OBJC_ISA_USAGE = YES_ERROR;
				CLANG_WARN_EMPTY_BODY = YES;
				CLANG_WARN_ENUM_CONVERSION = YES;
				CLANG_WARN_INT_CONVERSION = YES;
				CLANG_WARN_OBJC_ROOT_CLASS = YES_ERROR;
				CLANG_WARN__DUPLICATE_METHOD_MATCH = YES;
				COPY_PHASE_STRIP = YES;
				DEBUG_INFORMATION_FORMAT = "dwarf-with-dsym";
				ENABLE_NS_ASSERTIONS = NO;
				GCC_C_LANGUAGE_STANDARD = gnu99;
				GCC_ENABLE_OBJC_EXCEPTIONS = YES;
				GCC_WARN_64_TO_32_BIT_CONVERSION = YES;
				GCC_WARN_ABOUT_RETURN_TYPE = YES_ERROR;
				GCC_WARN_UNDECLARED_SELECTOR = YES;
				GCC_WARN_UNINITIALIZED_AUTOS = YES_AGGRESSIVE;
				GCC_WARN_UNUSED_FUNCTION = YES;
				GCC_WARN_UNUSED_VARIABLE = YES;
				MACOSX_DEPLOYMENT_TARGET = 10.9;
				SDKROOT = macosx;
			};
			name = Release;
		};
		7CDC4FA218F711B10087644D /* Debug */ = {
			isa = XCBuildConfiguration;
			buildSettings = {
				OTHER_CPLUSPLUSFLAGS = (
					"$(OTHER_CFLAGS)",
					"-O3",
					"-std=c++11",
				);
				PRODUCT_NAME = "$(TARGET_NAME)";
			};
			name = Debug;
		};
		7CDC4FA318F711B10087644D /* Release */ = {
			isa = XCBuildConfiguration;
			buildSettings = {
				OTHER_CPLUSPLUSFLAGS = (
					"$(OTHER_CFLAGS)",
					"-O3",
					"-std=c++11",
				);
				PRODUCT_NAME = "$(TARGET_NAME)";
			};
			name = Release;
		};
/* End XCBuildConfiguration section */

/* Begin XCConfigurationList section */
		7CDC4F9318F711B10087644D /* Build configuration list for PBXProject "cse168project1" */ = {
			isa = XCConfigurationList;
			buildConfigurations = (
				7CDC4F9F18F711B10087644D /* Debug */,
				7CDC4FA018F711B10087644D /* Release */,
			);
			defaultConfigurationIsVisible = 0;
			defaultConfigurationName = Release;
		};
		7CDC4FA118F711B10087644D /* Build configuration list for PBXNativeTarget "cse168project1" */ = {
			isa = XCConfigurationList;
			buildConfigurations = (
				7CDC4FA218F711B10087644D /* Debug */,
				7CDC4FA318F711B10087644D /* Release */,
			);
			defaultConfigurationIsVisible = 0;
			defaultConfigurationName = Release;
		};
/* End XCConfigurationList section */
	};
	rootObject = 7CDC4F9018F711B10087644D /* Project object */;
}
